// !$*UTF8*$!
{
	archiveVersion = 1;
	classes = {
	};
	objectVersion = 46;
	objects = {

/* Begin PBXBuildFile section */
		6965A6C7B20206FB87D01677 /* libPods-ChatToolView.a in Frameworks */ = {isa = PBXBuildFile; fileRef = 092A8F21922535734ED9E9C6 /* libPods-ChatToolView.a */; };
		D65CAD921E8E632D00212261 /* CCCameraManger.m in Sources */ = {isa = PBXBuildFile; fileRef = D65CAD5B1E8E632D00212261 /* CCCameraManger.m */; };
		D65CAD931E8E632D00212261 /* UIImage+CCTool.m in Sources */ = {isa = PBXBuildFile; fileRef = D65CAD5D1E8E632D00212261 /* UIImage+CCTool.m */; };
		D65CAD941E8E632D00212261 /* CameraViewController.m in Sources */ = {isa = PBXBuildFile; fileRef = D65CAD5F1E8E632D00212261 /* CameraViewController.m */; };
		D65CAD951E8E632D00212261 /* CameraViewController.xib in Resources */ = {isa = PBXBuildFile; fileRef = D65CAD601E8E632D00212261 /* CameraViewController.xib */; };
		D65CAD961E8E632D00212261 /* ChatToolView.m in Sources */ = {isa = PBXBuildFile; fileRef = D65CAD631E8E632D00212261 /* ChatToolView.m */; };
		D65CAD971E8E632D00212261 /* AssetSourceManager.m in Sources */ = {isa = PBXBuildFile; fileRef = D65CAD671E8E632D00212261 /* AssetSourceManager.m */; };
		D65CAD981E8E632D00212261 /* ImageDataAPI.m in Sources */ = {isa = PBXBuildFile; fileRef = D65CAD691E8E632D00212261 /* ImageDataAPI.m */; };
		D65CAD991E8E632D00212261 /* PHSourceManager.m in Sources */ = {isa = PBXBuildFile; fileRef = D65CAD6B1E8E632D00212261 /* PHSourceManager.m */; };
		D65CAD9A1E8E632D00212261 /* ALAsset+Date.m in Sources */ = {isa = PBXBuildFile; fileRef = D65CAD6E1E8E632D00212261 /* ALAsset+Date.m */; };
		D65CAD9B1E8E632D00212261 /* AlbumObj.m in Sources */ = {isa = PBXBuildFile; fileRef = D65CAD701E8E632D00212261 /* AlbumObj.m */; };
		D65CAD9C1E8E632D00212261 /* MomentCollection.m in Sources */ = {isa = PBXBuildFile; fileRef = D65CAD721E8E632D00212261 /* MomentCollection.m */; };
		D65CAD9D1E8E632D00212261 /* BaseDataSource.m in Sources */ = {isa = PBXBuildFile; fileRef = D65CAD751E8E632D00212261 /* BaseDataSource.m */; };
		D65CAD9E1E8E632D00212261 /* MomentDataSource.m in Sources */ = {isa = PBXBuildFile; fileRef = D65CAD771E8E632D00212261 /* MomentDataSource.m */; };
		D65CAD9F1E8E632D00212261 /* ImagesChooseCell.m in Sources */ = {isa = PBXBuildFile; fileRef = D65CAD791E8E632D00212261 /* ImagesChooseCell.m */; };
		D65CADA01E8E632D00212261 /* ImagesChooseCell.xib in Resources */ = {isa = PBXBuildFile; fileRef = D65CAD7A1E8E632D00212261 /* ImagesChooseCell.xib */; };
		D65CADA11E8E632D00212261 /* ImagesFlowLayout.m in Sources */ = {isa = PBXBuildFile; fileRef = D65CAD7C1E8E632D00212261 /* ImagesFlowLayout.m */; };
		D65CADA21E8E632D00212261 /* ChatTool.bundle in Resources */ = {isa = PBXBuildFile; fileRef = D65CAD7E1E8E632D00212261 /* ChatTool.bundle */; };
		D65CADA31E8E632D00212261 /* UIImageView+Extend.m in Sources */ = {isa = PBXBuildFile; fileRef = D65CAD811E8E632D00212261 /* UIImageView+Extend.m */; };
		D65CADA41E8E632D00212261 /* UIView+Extend.m in Sources */ = {isa = PBXBuildFile; fileRef = D65CAD831E8E632D00212261 /* UIView+Extend.m */; };
		D65CADA51E8E632D00212261 /* ChatVoiceView.m in Sources */ = {isa = PBXBuildFile; fileRef = D65CAD871E8E632D00212261 /* ChatVoiceView.m */; };
		D65CADA61E8E632D00212261 /* ChatVoiceView.xib in Resources */ = {isa = PBXBuildFile; fileRef = D65CAD881E8E632D00212261 /* ChatVoiceView.xib */; };
		D65CADA71E8E632D00212261 /* MessageTextView.m in Sources */ = {isa = PBXBuildFile; fileRef = D65CAD8A1E8E632D00212261 /* MessageTextView.m */; };
		D65CADA81E8E632D00212261 /* SCSiriWaveformView.m in Sources */ = {isa = PBXBuildFile; fileRef = D65CAD8C1E8E632D00212261 /* SCSiriWaveformView.m */; };
		D65CADA91E8E632D00212261 /* VoiceRecordHUD.m in Sources */ = {isa = PBXBuildFile; fileRef = D65CAD8E1E8E632D00212261 /* VoiceRecordHUD.m */; };
		D65CADAA1E8E632D00212261 /* VoiceRecordManager.m in Sources */ = {isa = PBXBuildFile; fileRef = D65CAD911E8E632D00212261 /* VoiceRecordManager.m */; };
		D65CADB21E8E637D00212261 /* TBCityIconFont.m in Sources */ = {isa = PBXBuildFile; fileRef = D65CADAD1E8E637D00212261 /* TBCityIconFont.m */; };
		D65CADB31E8E637D00212261 /* TBCityIconInfo.m in Sources */ = {isa = PBXBuildFile; fileRef = D65CADAF1E8E637D00212261 /* TBCityIconInfo.m */; };
		D65CADB41E8E637D00212261 /* UIImage+TBCityIconFont.m in Sources */ = {isa = PBXBuildFile; fileRef = D65CADB11E8E637D00212261 /* UIImage+TBCityIconFont.m */; };
/* End PBXBuildFile section */

/* Begin PBXFileReference section */
		092A8F21922535734ED9E9C6 /* libPods-ChatToolView.a */ = {isa = PBXFileReference; explicitFileType = archive.ar; includeInIndex = 0; path = "libPods-ChatToolView.a"; sourceTree = BUILT_PRODUCTS_DIR; };
		5CA3C0B516BFCC326E2E02AD /* Pods-ChatToolView.debug.xcconfig */ = {isa = PBXFileReference; includeInIndex = 1; lastKnownFileType = text.xcconfig; name = "Pods-ChatToolView.debug.xcconfig"; path = "Pods/Target Support Files/Pods-ChatToolView/Pods-ChatToolView.debug.xcconfig"; sourceTree = "<group>"; };
		D65CAD5A1E8E632D00212261 /* CCCameraManger.h */ = {isa = PBXFileReference; fileEncoding = 4; lastKnownFileType = sourcecode.c.h; path = CCCameraManger.h; sourceTree = "<group>"; };
		D65CAD5B1E8E632D00212261 /* CCCameraManger.m */ = {isa = PBXFileReference; fileEncoding = 4; lastKnownFileType = sourcecode.c.objc; path = CCCameraManger.m; sourceTree = "<group>"; };
		D65CAD5C1E8E632D00212261 /* UIImage+CCTool.h */ = {isa = PBXFileReference; fileEncoding = 4; lastKnownFileType = sourcecode.c.h; path = "UIImage+CCTool.h"; sourceTree = "<group>"; };
		D65CAD5D1E8E632D00212261 /* UIImage+CCTool.m */ = {isa = PBXFileReference; fileEncoding = 4; lastKnownFileType = sourcecode.c.objc; path = "UIImage+CCTool.m"; sourceTree = "<group>"; };
		D65CAD5E1E8E632D00212261 /* CameraViewController.h */ = {isa = PBXFileReference; fileEncoding = 4; lastKnownFileType = sourcecode.c.h; path = CameraViewController.h; sourceTree = "<group>"; };
		D65CAD5F1E8E632D00212261 /* CameraViewController.m */ = {isa = PBXFileReference; fileEncoding = 4; lastKnownFileType = sourcecode.c.objc; path = CameraViewController.m; sourceTree = "<group>"; };
		D65CAD601E8E632D00212261 /* CameraViewController.xib */ = {isa = PBXFileReference; fileEncoding = 4; lastKnownFileType = file.xib; path = CameraViewController.xib; sourceTree = "<group>"; };
		D65CAD611E8E632D00212261 /* ChatToolMacro.h */ = {isa = PBXFileReference; fileEncoding = 4; lastKnownFileType = sourcecode.c.h; path = ChatToolMacro.h; sourceTree = "<group>"; };
		D65CAD621E8E632D00212261 /* ChatToolView.h */ = {isa = PBXFileReference; fileEncoding = 4; lastKnownFileType = sourcecode.c.h; path = ChatToolView.h; sourceTree = "<group>"; };
		D65CAD631E8E632D00212261 /* ChatToolView.m */ = {isa = PBXFileReference; fileEncoding = 4; lastKnownFileType = sourcecode.c.objc; path = ChatToolView.m; sourceTree = "<group>"; };
		D65CAD661E8E632D00212261 /* AssetSourceManager.h */ = {isa = PBXFileReference; fileEncoding = 4; lastKnownFileType = sourcecode.c.h; path = AssetSourceManager.h; sourceTree = "<group>"; };
		D65CAD671E8E632D00212261 /* AssetSourceManager.m */ = {isa = PBXFileReference; fileEncoding = 4; lastKnownFileType = sourcecode.c.objc; path = AssetSourceManager.m; sourceTree = "<group>"; };
		D65CAD681E8E632D00212261 /* ImageDataAPI.h */ = {isa = PBXFileReference; fileEncoding = 4; lastKnownFileType = sourcecode.c.h; path = ImageDataAPI.h; sourceTree = "<group>"; };
		D65CAD691E8E632D00212261 /* ImageDataAPI.m */ = {isa = PBXFileReference; fileEncoding = 4; lastKnownFileType = sourcecode.c.objc; path = ImageDataAPI.m; sourceTree = "<group>"; };
		D65CAD6A1E8E632D00212261 /* PHSourceManager.h */ = {isa = PBXFileReference; fileEncoding = 4; lastKnownFileType = sourcecode.c.h; path = PHSourceManager.h; sourceTree = "<group>"; };
		D65CAD6B1E8E632D00212261 /* PHSourceManager.m */ = {isa = PBXFileReference; fileEncoding = 4; lastKnownFileType = sourcecode.c.objc; path = PHSourceManager.m; sourceTree = "<group>"; };
		D65CAD6D1E8E632D00212261 /* ALAsset+Date.h */ = {isa = PBXFileReference; fileEncoding = 4; lastKnownFileType = sourcecode.c.h; path = "ALAsset+Date.h"; sourceTree = "<group>"; };
		D65CAD6E1E8E632D00212261 /* ALAsset+Date.m */ = {isa = PBXFileReference; fileEncoding = 4; lastKnownFileType = sourcecode.c.objc; path = "ALAsset+Date.m"; sourceTree = "<group>"; };
		D65CAD6F1E8E632D00212261 /* AlbumObj.h */ = {isa = PBXFileReference; fileEncoding = 4; lastKnownFileType = sourcecode.c.h; path = AlbumObj.h; sourceTree = "<group>"; };
		D65CAD701E8E632D00212261 /* AlbumObj.m */ = {isa = PBXFileReference; fileEncoding = 4; lastKnownFileType = sourcecode.c.objc; path = AlbumObj.m; sourceTree = "<group>"; };
		D65CAD711E8E632D00212261 /* MomentCollection.h */ = {isa = PBXFileReference; fileEncoding = 4; lastKnownFileType = sourcecode.c.h; path = MomentCollection.h; sourceTree = "<group>"; };
		D65CAD721E8E632D00212261 /* MomentCollection.m */ = {isa = PBXFileReference; fileEncoding = 4; lastKnownFileType = sourcecode.c.objc; path = MomentCollection.m; sourceTree = "<group>"; };
		D65CAD741E8E632D00212261 /* BaseDataSource.h */ = {isa = PBXFileReference; fileEncoding = 4; lastKnownFileType = sourcecode.c.h; path = BaseDataSource.h; sourceTree = "<group>"; };
		D65CAD751E8E632D00212261 /* BaseDataSource.m */ = {isa = PBXFileReference; fileEncoding = 4; lastKnownFileType = sourcecode.c.objc; path = BaseDataSource.m; sourceTree = "<group>"; };
		D65CAD761E8E632D00212261 /* MomentDataSource.h */ = {isa = PBXFileReference; fileEncoding = 4; lastKnownFileType = sourcecode.c.h; path = MomentDataSource.h; sourceTree = "<group>"; };
		D65CAD771E8E632D00212261 /* MomentDataSource.m */ = {isa = PBXFileReference; fileEncoding = 4; lastKnownFileType = sourcecode.c.objc; path = MomentDataSource.m; sourceTree = "<group>"; };
		D65CAD781E8E632D00212261 /* ImagesChooseCell.h */ = {isa = PBXFileReference; fileEncoding = 4; lastKnownFileType = sourcecode.c.h; path = ImagesChooseCell.h; sourceTree = "<group>"; };
		D65CAD791E8E632D00212261 /* ImagesChooseCell.m */ = {isa = PBXFileReference; fileEncoding = 4; lastKnownFileType = sourcecode.c.objc; path = ImagesChooseCell.m; sourceTree = "<group>"; };
		D65CAD7A1E8E632D00212261 /* ImagesChooseCell.xib */ = {isa = PBXFileReference; fileEncoding = 4; lastKnownFileType = file.xib; path = ImagesChooseCell.xib; sourceTree = "<group>"; };
		D65CAD7B1E8E632D00212261 /* ImagesFlowLayout.h */ = {isa = PBXFileReference; fileEncoding = 4; lastKnownFileType = sourcecode.c.h; path = ImagesFlowLayout.h; sourceTree = "<group>"; };
		D65CAD7C1E8E632D00212261 /* ImagesFlowLayout.m */ = {isa = PBXFileReference; fileEncoding = 4; lastKnownFileType = sourcecode.c.objc; path = ImagesFlowLayout.m; sourceTree = "<group>"; };
		D65CAD7E1E8E632D00212261 /* ChatTool.bundle */ = {isa = PBXFileReference; lastKnownFileType = "wrapper.plug-in"; path = ChatTool.bundle; sourceTree = "<group>"; };
		D65CAD801E8E632D00212261 /* UIImageView+Extend.h */ = {isa = PBXFileReference; fileEncoding = 4; lastKnownFileType = sourcecode.c.h; path = "UIImageView+Extend.h"; sourceTree = "<group>"; };
		D65CAD811E8E632D00212261 /* UIImageView+Extend.m */ = {isa = PBXFileReference; fileEncoding = 4; lastKnownFileType = sourcecode.c.objc; path = "UIImageView+Extend.m"; sourceTree = "<group>"; };
		D65CAD821E8E632D00212261 /* UIView+Extend.h */ = {isa = PBXFileReference; fileEncoding = 4; lastKnownFileType = sourcecode.c.h; path = "UIView+Extend.h"; sourceTree = "<group>"; };
		D65CAD831E8E632D00212261 /* UIView+Extend.m */ = {isa = PBXFileReference; fileEncoding = 4; lastKnownFileType = sourcecode.c.objc; path = "UIView+Extend.m"; sourceTree = "<group>"; };
		D65CAD861E8E632D00212261 /* ChatVoiceView.h */ = {isa = PBXFileReference; fileEncoding = 4; lastKnownFileType = sourcecode.c.h; path = ChatVoiceView.h; sourceTree = "<group>"; };
		D65CAD871E8E632D00212261 /* ChatVoiceView.m */ = {isa = PBXFileReference; fileEncoding = 4; lastKnownFileType = sourcecode.c.objc; path = ChatVoiceView.m; sourceTree = "<group>"; };
		D65CAD881E8E632D00212261 /* ChatVoiceView.xib */ = {isa = PBXFileReference; fileEncoding = 4; lastKnownFileType = file.xib; path = ChatVoiceView.xib; sourceTree = "<group>"; };
		D65CAD891E8E632D00212261 /* MessageTextView.h */ = {isa = PBXFileReference; fileEncoding = 4; lastKnownFileType = sourcecode.c.h; path = MessageTextView.h; sourceTree = "<group>"; };
		D65CAD8A1E8E632D00212261 /* MessageTextView.m */ = {isa = PBXFileReference; fileEncoding = 4; lastKnownFileType = sourcecode.c.objc; path = MessageTextView.m; sourceTree = "<group>"; };
		D65CAD8B1E8E632D00212261 /* SCSiriWaveformView.h */ = {isa = PBXFileReference; fileEncoding = 4; lastKnownFileType = sourcecode.c.h; path = SCSiriWaveformView.h; sourceTree = "<group>"; };
		D65CAD8C1E8E632D00212261 /* SCSiriWaveformView.m */ = {isa = PBXFileReference; fileEncoding = 4; lastKnownFileType = sourcecode.c.objc; path = SCSiriWaveformView.m; sourceTree = "<group>"; };
		D65CAD8D1E8E632D00212261 /* VoiceRecordHUD.h */ = {isa = PBXFileReference; fileEncoding = 4; lastKnownFileType = sourcecode.c.h; path = VoiceRecordHUD.h; sourceTree = "<group>"; };
		D65CAD8E1E8E632D00212261 /* VoiceRecordHUD.m */ = {isa = PBXFileReference; fileEncoding = 4; lastKnownFileType = sourcecode.c.objc; path = VoiceRecordHUD.m; sourceTree = "<group>"; };
		D65CAD901E8E632D00212261 /* VoiceRecordManager.h */ = {isa = PBXFileReference; fileEncoding = 4; lastKnownFileType = sourcecode.c.h; path = VoiceRecordManager.h; sourceTree = "<group>"; };
		D65CAD911E8E632D00212261 /* VoiceRecordManager.m */ = {isa = PBXFileReference; fileEncoding = 4; lastKnownFileType = sourcecode.c.objc; path = VoiceRecordManager.m; sourceTree = "<group>"; };
		D65CADAC1E8E637D00212261 /* TBCityIconFont.h */ = {isa = PBXFileReference; fileEncoding = 4; lastKnownFileType = sourcecode.c.h; path = TBCityIconFont.h; sourceTree = "<group>"; };
		D65CADAD1E8E637D00212261 /* TBCityIconFont.m */ = {isa = PBXFileReference; fileEncoding = 4; lastKnownFileType = sourcecode.c.objc; path = TBCityIconFont.m; sourceTree = "<group>"; };
		D65CADAE1E8E637D00212261 /* TBCityIconInfo.h */ = {isa = PBXFileReference; fileEncoding = 4; lastKnownFileType = sourcecode.c.h; path = TBCityIconInfo.h; sourceTree = "<group>"; };
		D65CADAF1E8E637D00212261 /* TBCityIconInfo.m */ = {isa = PBXFileReference; fileEncoding = 4; lastKnownFileType = sourcecode.c.objc; path = TBCityIconInfo.m; sourceTree = "<group>"; };
		D65CADB01E8E637D00212261 /* UIImage+TBCityIconFont.h */ = {isa = PBXFileReference; fileEncoding = 4; lastKnownFileType = sourcecode.c.h; path = "UIImage+TBCityIconFont.h"; sourceTree = "<group>"; };
		D65CADB11E8E637D00212261 /* UIImage+TBCityIconFont.m */ = {isa = PBXFileReference; fileEncoding = 4; lastKnownFileType = sourcecode.c.objc; path = "UIImage+TBCityIconFont.m"; sourceTree = "<group>"; };
		D694F02A1CDB5B1A00B5E05B /* ChatToolView.app */ = {isa = PBXFileReference; explicitFileType = wrapper.application; includeInIndex = 0; path = ChatToolView.app; sourceTree = BUILT_PRODUCTS_DIR; };
		DE7AA9F6FF74FBBF4857C207 /* Pods-ChatToolView.release.xcconfig */ = {isa = PBXFileReference; includeInIndex = 1; lastKnownFileType = text.xcconfig; name = "Pods-ChatToolView.release.xcconfig"; path = "Pods/Target Support Files/Pods-ChatToolView/Pods-ChatToolView.release.xcconfig"; sourceTree = "<group>"; };
/* End PBXFileReference section */

/* Begin PBXFrameworksBuildPhase section */
		D694F0271CDB5B1A00B5E05B /* Frameworks */ = {
			isa = PBXFrameworksBuildPhase;
			buildActionMask = 2147483647;
			files = (
				6965A6C7B20206FB87D01677 /* libPods-ChatToolView.a in Frameworks */,
			);
			runOnlyForDeploymentPostprocessing = 0;
		};
/* End PBXFrameworksBuildPhase section */

/* Begin PBXGroup section */
		A34015CE9F5C7861CCCC13A5 /* Pods */ = {
			isa = PBXGroup;
			children = (
				5CA3C0B516BFCC326E2E02AD /* Pods-ChatToolView.debug.xcconfig */,
				DE7AA9F6FF74FBBF4857C207 /* Pods-ChatToolView.release.xcconfig */,
			);
			name = Pods;
			sourceTree = "<group>";
		};
		A746587EFE5259E238274C98 /* Frameworks */ = {
			isa = PBXGroup;
			children = (
				092A8F21922535734ED9E9C6 /* libPods-ChatToolView.a */,
			);
			name = Frameworks;
			sourceTree = "<group>";
		};
		D65CAD571E8E632D00212261 /* ChatToolsView */ = {
			isa = PBXGroup;
			children = (
				D65CADAB1E8E637D00212261 /* IconFont */,
				D65CAD581E8E632D00212261 /* Camera */,
				D65CAD611E8E632D00212261 /* ChatToolMacro.h */,
				D65CAD621E8E632D00212261 /* ChatToolView.h */,
				D65CAD631E8E632D00212261 /* ChatToolView.m */,
				D65CAD641E8E632D00212261 /* ImagesChoose */,
				D65CAD7D1E8E632D00212261 /* Resources */,
				D65CAD7F1E8E632D00212261 /* Tools */,
				D65CAD841E8E632D00212261 /* Voice */,
			);
			path = ChatToolsView;
			sourceTree = "<group>";
		};
		D65CAD581E8E632D00212261 /* Camera */ = {
			isa = PBXGroup;
			children = (
				D65CAD591E8E632D00212261 /* CameraManger */,
				D65CAD5E1E8E632D00212261 /* CameraViewController.h */,
				D65CAD5F1E8E632D00212261 /* CameraViewController.m */,
				D65CAD601E8E632D00212261 /* CameraViewController.xib */,
			);
			path = Camera;
			sourceTree = "<group>";
		};
		D65CAD591E8E632D00212261 /* CameraManger */ = {
			isa = PBXGroup;
			children = (
				D65CAD5A1E8E632D00212261 /* CCCameraManger.h */,
				D65CAD5B1E8E632D00212261 /* CCCameraManger.m */,
				D65CAD5C1E8E632D00212261 /* UIImage+CCTool.h */,
				D65CAD5D1E8E632D00212261 /* UIImage+CCTool.m */,
			);
			path = CameraManger;
			sourceTree = "<group>";
		};
		D65CAD641E8E632D00212261 /* ImagesChoose */ = {
			isa = PBXGroup;
			children = (
				D65CAD651E8E632D00212261 /* DataManager */,
				D65CAD6C1E8E632D00212261 /* DataModel */,
				D65CAD731E8E632D00212261 /* DataSource */,
				D65CAD781E8E632D00212261 /* ImagesChooseCell.h */,
				D65CAD791E8E632D00212261 /* ImagesChooseCell.m */,
				D65CAD7A1E8E632D00212261 /* ImagesChooseCell.xib */,
				D65CAD7B1E8E632D00212261 /* ImagesFlowLayout.h */,
				D65CAD7C1E8E632D00212261 /* ImagesFlowLayout.m */,
			);
			path = ImagesChoose;
			sourceTree = "<group>";
		};
		D65CAD651E8E632D00212261 /* DataManager */ = {
			isa = PBXGroup;
			children = (
				D65CAD661E8E632D00212261 /* AssetSourceManager.h */,
				D65CAD671E8E632D00212261 /* AssetSourceManager.m */,
				D65CAD681E8E632D00212261 /* ImageDataAPI.h */,
				D65CAD691E8E632D00212261 /* ImageDataAPI.m */,
				D65CAD6A1E8E632D00212261 /* PHSourceManager.h */,
				D65CAD6B1E8E632D00212261 /* PHSourceManager.m */,
			);
			path = DataManager;
			sourceTree = "<group>";
		};
		D65CAD6C1E8E632D00212261 /* DataModel */ = {
			isa = PBXGroup;
			children = (
				D65CAD6D1E8E632D00212261 /* ALAsset+Date.h */,
				D65CAD6E1E8E632D00212261 /* ALAsset+Date.m */,
				D65CAD6F1E8E632D00212261 /* AlbumObj.h */,
				D65CAD701E8E632D00212261 /* AlbumObj.m */,
				D65CAD711E8E632D00212261 /* MomentCollection.h */,
				D65CAD721E8E632D00212261 /* MomentCollection.m */,
			);
			path = DataModel;
			sourceTree = "<group>";
		};
		D65CAD731E8E632D00212261 /* DataSource */ = {
			isa = PBXGroup;
			children = (
				D65CAD741E8E632D00212261 /* BaseDataSource.h */,
				D65CAD751E8E632D00212261 /* BaseDataSource.m */,
				D65CAD761E8E632D00212261 /* MomentDataSource.h */,
				D65CAD771E8E632D00212261 /* MomentDataSource.m */,
			);
			path = DataSource;
			sourceTree = "<group>";
		};
		D65CAD7D1E8E632D00212261 /* Resources */ = {
			isa = PBXGroup;
			children = (
				D65CAD7E1E8E632D00212261 /* ChatTool.bundle */,
			);
			path = Resources;
			sourceTree = "<group>";
		};
		D65CAD7F1E8E632D00212261 /* Tools */ = {
			isa = PBXGroup;
			children = (
				D65CAD801E8E632D00212261 /* UIImageView+Extend.h */,
				D65CAD811E8E632D00212261 /* UIImageView+Extend.m */,
				D65CAD821E8E632D00212261 /* UIView+Extend.h */,
				D65CAD831E8E632D00212261 /* UIView+Extend.m */,
			);
			path = Tools;
			sourceTree = "<group>";
		};
		D65CAD841E8E632D00212261 /* Voice */ = {
			isa = PBXGroup;
			children = (
				D65CAD851E8E632D00212261 /* InputView */,
				D65CAD8F1E8E632D00212261 /* Manager */,
			);
			path = Voice;
			sourceTree = "<group>";
		};
		D65CAD851E8E632D00212261 /* InputView */ = {
			isa = PBXGroup;
			children = (
				D65CAD861E8E632D00212261 /* ChatVoiceView.h */,
				D65CAD871E8E632D00212261 /* ChatVoiceView.m */,
				D65CAD881E8E632D00212261 /* ChatVoiceView.xib */,
				D65CAD891E8E632D00212261 /* MessageTextView.h */,
				D65CAD8A1E8E632D00212261 /* MessageTextView.m */,
				D65CAD8B1E8E632D00212261 /* SCSiriWaveformView.h */,
				D65CAD8C1E8E632D00212261 /* SCSiriWaveformView.m */,
				D65CAD8D1E8E632D00212261 /* VoiceRecordHUD.h */,
				D65CAD8E1E8E632D00212261 /* VoiceRecordHUD.m */,
			);
			path = InputView;
			sourceTree = "<group>";
		};
		D65CAD8F1E8E632D00212261 /* Manager */ = {
			isa = PBXGroup;
			children = (
				D65CAD901E8E632D00212261 /* VoiceRecordManager.h */,
				D65CAD911E8E632D00212261 /* VoiceRecordManager.m */,
			);
			path = Manager;
			sourceTree = "<group>";
		};
		D65CADAB1E8E637D00212261 /* IconFont */ = {
			isa = PBXGroup;
			children = (
				D65CADAC1E8E637D00212261 /* TBCityIconFont.h */,
				D65CADAD1E8E637D00212261 /* TBCityIconFont.m */,
				D65CADAE1E8E637D00212261 /* TBCityIconInfo.h */,
				D65CADAF1E8E637D00212261 /* TBCityIconInfo.m */,
				D65CADB01E8E637D00212261 /* UIImage+TBCityIconFont.h */,
				D65CADB11E8E637D00212261 /* UIImage+TBCityIconFont.m */,
			);
			path = IconFont;
			sourceTree = "<group>";
		};
		D694F0211CDB5B1A00B5E05B = {
			isa = PBXGroup;
			children = (
				D65CAD571E8E632D00212261 /* ChatToolsView */,
				D694F02B1CDB5B1A00B5E05B /* Products */,
				A34015CE9F5C7861CCCC13A5 /* Pods */,
				A746587EFE5259E238274C98 /* Frameworks */,
			);
			sourceTree = "<group>";
		};
		D694F02B1CDB5B1A00B5E05B /* Products */ = {
			isa = PBXGroup;
			children = (
				D694F02A1CDB5B1A00B5E05B /* ChatToolView.app */,
			);
			name = Products;
			sourceTree = "<group>";
		};
/* End PBXGroup section */

/* Begin PBXNativeTarget section */
		D694F0291CDB5B1A00B5E05B /* ChatToolView */ = {
			isa = PBXNativeTarget;
			buildConfigurationList = D694F0411CDB5B1B00B5E05B /* Build configuration list for PBXNativeTarget "ChatToolView" */;
			buildPhases = (
				F40175A59FA33FCB182C18D9 /* [CP] Check Pods Manifest.lock */,
				D694F0261CDB5B1A00B5E05B /* Sources */,
				D694F0271CDB5B1A00B5E05B /* Frameworks */,
				D694F0281CDB5B1A00B5E05B /* Resources */,
				4D7887D5ED8B3B7FB148543C /* [CP] Embed Pods Frameworks */,
				3C318C9935405B35B6B8C5D4 /* [CP] Copy Pods Resources */,
			);
			buildRules = (
			);
			dependencies = (
			);
			name = ChatToolView;
			productName = test;
			productReference = D694F02A1CDB5B1A00B5E05B /* ChatToolView.app */;
			productType = "com.apple.product-type.application";
		};
/* End PBXNativeTarget section */

/* Begin PBXProject section */
		D694F0221CDB5B1A00B5E05B /* Project object */ = {
			isa = PBXProject;
			attributes = {
				LastUpgradeCheck = 0810;
				ORGANIZATIONNAME = chn;
				TargetAttributes = {
					D694F0291CDB5B1A00B5E05B = {
						CreatedOnToolsVersion = 7.3;
						DevelopmentTeam = TN86QB8B5D;
						ProvisioningStyle = Automatic;
					};
				};
			};
			buildConfigurationList = D694F0251CDB5B1A00B5E05B /* Build configuration list for PBXProject "ChatToolView" */;
			compatibilityVersion = "Xcode 3.2";
			developmentRegion = English;
			hasScannedForEncodings = 0;
			knownRegions = (
				en,
				Base,
			);
			mainGroup = D694F0211CDB5B1A00B5E05B;
			productRefGroup = D694F02B1CDB5B1A00B5E05B /* Products */;
			projectDirPath = "";
			projectRoot = "";
			targets = (
				D694F0291CDB5B1A00B5E05B /* ChatToolView */,
			);
		};
/* End PBXProject section */

/* Begin PBXResourcesBuildPhase section */
		D694F0281CDB5B1A00B5E05B /* Resources */ = {
			isa = PBXResourcesBuildPhase;
			buildActionMask = 2147483647;
			files = (
				D65CADA01E8E632D00212261 /* ImagesChooseCell.xib in Resources */,
				D65CADA21E8E632D00212261 /* ChatTool.bundle in Resources */,
				D65CAD951E8E632D00212261 /* CameraViewController.xib in Resources */,
				D65CADA61E8E632D00212261 /* ChatVoiceView.xib in Resources */,
			);
			runOnlyForDeploymentPostprocessing = 0;
		};
/* End PBXResourcesBuildPhase section */

/* Begin PBXShellScriptBuildPhase section */
		3C318C9935405B35B6B8C5D4 /* [CP] Copy Pods Resources */ = {
			isa = PBXShellScriptBuildPhase;
			buildActionMask = 2147483647;
			files = (
			);
			inputPaths = (
			);
			name = "[CP] Copy Pods Resources";
			outputPaths = (
			);
			runOnlyForDeploymentPostprocessing = 0;
			shellPath = /bin/sh;
			shellScript = "\"${SRCROOT}/Pods/Target Support Files/Pods-ChatToolView/Pods-ChatToolView-resources.sh\"\n";
			showEnvVarsInLog = 0;
		};
		4D7887D5ED8B3B7FB148543C /* [CP] Embed Pods Frameworks */ = {
			isa = PBXShellScriptBuildPhase;
			buildActionMask = 2147483647;
			files = (
			);
			inputPaths = (
			);
			name = "[CP] Embed Pods Frameworks";
			outputPaths = (
			);
			runOnlyForDeploymentPostprocessing = 0;
			shellPath = /bin/sh;
			shellScript = "\"${SRCROOT}/Pods/Target Support Files/Pods-ChatToolView/Pods-ChatToolView-frameworks.sh\"\n";
			showEnvVarsInLog = 0;
		};
		F40175A59FA33FCB182C18D9 /* [CP] Check Pods Manifest.lock */ = {
			isa = PBXShellScriptBuildPhase;
			buildActionMask = 2147483647;
			files = (
			);
			inputPaths = (
			);
			name = "[CP] Check Pods Manifest.lock";
			outputPaths = (
			);
			runOnlyForDeploymentPostprocessing = 0;
			shellPath = /bin/sh;
			shellScript = "diff \"${PODS_ROOT}/../Podfile.lock\" \"${PODS_ROOT}/Manifest.lock\" > /dev/null\nif [ $? != 0 ] ; then\n    # print error to STDERR\n    echo \"error: The sandbox is not in sync with the Podfile.lock. Run 'pod install' or update your CocoaPods installation.\" >&2\n    exit 1\nfi\n";
			showEnvVarsInLog = 0;
		};
/* End PBXShellScriptBuildPhase section */

/* Begin PBXSourcesBuildPhase section */
		D694F0261CDB5B1A00B5E05B /* Sources */ = {
			isa = PBXSourcesBuildPhase;
			buildActionMask = 2147483647;
			files = (
				D65CAD9E1E8E632D00212261 /* MomentDataSource.m in Sources */,
				D65CAD991E8E632D00212261 /* PHSourceManager.m in Sources */,
				D65CAD9C1E8E632D00212261 /* MomentCollection.m in Sources */,
				D65CAD981E8E632D00212261 /* ImageDataAPI.m in Sources */,
				D65CAD9D1E8E632D00212261 /* BaseDataSource.m in Sources */,
				D65CADA11E8E632D00212261 /* ImagesFlowLayout.m in Sources */,
				D65CADA41E8E632D00212261 /* UIView+Extend.m in Sources */,
				D65CADA81E8E632D00212261 /* SCSiriWaveformView.m in Sources */,
				D65CAD941E8E632D00212261 /* CameraViewController.m in Sources */,
				D65CAD921E8E632D00212261 /* CCCameraManger.m in Sources */,
				D65CADAA1E8E632D00212261 /* VoiceRecordManager.m in Sources */,
				D65CAD961E8E632D00212261 /* ChatToolView.m in Sources */,
				D65CAD971E8E632D00212261 /* AssetSourceManager.m in Sources */,
				D65CAD931E8E632D00212261 /* UIImage+CCTool.m in Sources */,
				D65CAD9B1E8E632D00212261 /* AlbumObj.m in Sources */,
				D65CAD9A1E8E632D00212261 /* ALAsset+Date.m in Sources */,
				D65CADB31E8E637D00212261 /* TBCityIconInfo.m in Sources */,
				D65CADB21E8E637D00212261 /* TBCityIconFont.m in Sources */,
				D65CADA31E8E632D00212261 /* UIImageView+Extend.m in Sources */,
				D65CADA51E8E632D00212261 /* ChatVoiceView.m in Sources */,
				D65CADA91E8E632D00212261 /* VoiceRecordHUD.m in Sources */,
				D65CAD9F1E8E632D00212261 /* ImagesChooseCell.m in Sources */,
				D65CADB41E8E637D00212261 /* UIImage+TBCityIconFont.m in Sources */,
				D65CADA71E8E632D00212261 /* MessageTextView.m in Sources */,
			);
			runOnlyForDeploymentPostprocessing = 0;
		};
/* End PBXSourcesBuildPhase section */

/* Begin XCBuildConfiguration section */
		D694F03F1CDB5B1B00B5E05B /* Debug */ = {
			isa = XCBuildConfiguration;
			buildSettings = {
				ALWAYS_SEARCH_USER_PATHS = NO;
				CLANG_ANALYZER_NONNULL = YES;
				CLANG_CXX_LANGUAGE_STANDARD = "gnu++0x";
				CLANG_CXX_LIBRARY = "libc++";
				CLANG_ENABLE_MODULES = YES;
				CLANG_ENABLE_OBJC_ARC = YES;
				CLANG_WARN_BOOL_CONVERSION = YES;
				CLANG_WARN_CONSTANT_CONVERSION = YES;
				CLANG_WARN_DIRECT_OBJC_ISA_USAGE = YES_ERROR;
				CLANG_WARN_EMPTY_BODY = YES;
				CLANG_WARN_ENUM_CONVERSION = YES;
				CLANG_WARN_INFINITE_RECURSION = YES;
				CLANG_WARN_INT_CONVERSION = YES;
				CLANG_WARN_OBJC_ROOT_CLASS = YES_ERROR;
				CLANG_WARN_SUSPICIOUS_MOVE = YES;
				CLANG_WARN_UNREACHABLE_CODE = YES;
				CLANG_WARN__DUPLICATE_METHOD_MATCH = YES;
				"CODE_SIGN_IDENTITY[sdk=iphoneos*]" = "iPhone Developer";
				COPY_PHASE_STRIP = NO;
				DEBUG_INFORMATION_FORMAT = dwarf;
				ENABLE_STRICT_OBJC_MSGSEND = YES;
				ENABLE_TESTABILITY = YES;
				GCC_C_LANGUAGE_STANDARD = gnu99;
				GCC_DYNAMIC_NO_PIC = NO;
				GCC_NO_COMMON_BLOCKS = YES;
				GCC_OPTIMIZATION_LEVEL = 0;
				GCC_PREPROCESSOR_DEFINITIONS = (
					"DEBUG=1",
					"$(inherited)",
				);
				GCC_WARN_64_TO_32_BIT_CONVERSION = YES;
				GCC_WARN_ABOUT_RETURN_TYPE = YES_ERROR;
				GCC_WARN_UNDECLARED_SELECTOR = YES;
				GCC_WARN_UNINITIALIZED_AUTOS = YES_AGGRESSIVE;
				GCC_WARN_UNUSED_FUNCTION = YES;
				GCC_WARN_UNUSED_VARIABLE = YES;
				IPHONEOS_DEPLOYMENT_TARGET = 9.3;
				MTL_ENABLE_DEBUG_INFO = YES;
				ONLY_ACTIVE_ARCH = YES;
				SDKROOT = iphoneos;
				TARGETED_DEVICE_FAMILY = "1,2";
			};
			name = Debug;
		};
		D694F0401CDB5B1B00B5E05B /* Release */ = {
			isa = XCBuildConfiguration;
			buildSettings = {
				ALWAYS_SEARCH_USER_PATHS = NO;
				CLANG_ANALYZER_NONNULL = YES;
				CLANG_CXX_LANGUAGE_STANDARD = "gnu++0x";
				CLANG_CXX_LIBRARY = "libc++";
				CLANG_ENABLE_MODULES = YES;
				CLANG_ENABLE_OBJC_ARC = YES;
				CLANG_WARN_BOOL_CONVERSION = YES;
				CLANG_WARN_CONSTANT_CONVERSION = YES;
				CLANG_WARN_DIRECT_OBJC_ISA_USAGE = YES_ERROR;
				CLANG_WARN_EMPTY_BODY = YES;
				CLANG_WARN_ENUM_CONVERSION = YES;
				CLANG_WARN_INFINITE_RECURSION = YES;
				CLANG_WARN_INT_CONVERSION = YES;
				CLANG_WARN_OBJC_ROOT_CLASS = YES_ERROR;
				CLANG_WARN_SUSPICIOUS_MOVE = YES;
				CLANG_WARN_UNREACHABLE_CODE = YES;
				CLANG_WARN__DUPLICATE_METHOD_MATCH = YES;
				"CODE_SIGN_IDENTITY[sdk=iphoneos*]" = "iPhone Developer";
				COPY_PHASE_STRIP = NO;
				DEBUG_INFORMATION_FORMAT = "dwarf-with-dsym";
				ENABLE_NS_ASSERTIONS = NO;
				ENABLE_STRICT_OBJC_MSGSEND = YES;
				GCC_C_LANGUAGE_STANDARD = gnu99;
				GCC_NO_COMMON_BLOCKS = YES;
				GCC_WARN_64_TO_32_BIT_CONVERSION = YES;
				GCC_WARN_ABOUT_RETURN_TYPE = YES_ERROR;
				GCC_WARN_UNDECLARED_SELECTOR = YES;
				GCC_WARN_UNINITIALIZED_AUTOS = YES_AGGRESSIVE;
				GCC_WARN_UNUSED_FUNCTION = YES;
				GCC_WARN_UNUSED_VARIABLE = YES;
				IPHONEOS_DEPLOYMENT_TARGET = 9.3;
				MTL_ENABLE_DEBUG_INFO = NO;
				SDKROOT = iphoneos;
				TARGETED_DEVICE_FAMILY = "1,2";
				VALIDATE_PRODUCT = YES;
			};
			name = Release;
		};
		D694F0421CDB5B1B00B5E05B /* Debug */ = {
			isa = XCBuildConfiguration;
			baseConfigurationReference = 5CA3C0B516BFCC326E2E02AD /* Pods-ChatToolView.debug.xcconfig */;
			buildSettings = {
				ASSETCATALOG_COMPILER_APPICON_NAME = AppIcon;
				CODE_SIGN_IDENTITY = "iPhone Developer: Xie Fabo (PXQFQ546UD)";
				"CODE_SIGN_IDENTITY[sdk=iphoneos*]" = "iPhone Developer";
				DEVELOPMENT_TEAM = "";
				INFOPLIST_FILE = test/Info.plist;
				LD_RUNPATH_SEARCH_PATHS = "$(inherited) @executable_path/Frameworks";
				PRODUCT_BUNDLE_IDENTIFIER = cc.youplus.youplussssss;
				PRODUCT_NAME = "$(TARGET_NAME)";
				PROVISIONING_PROFILE = "";
				PROVISIONING_PROFILE_SPECIFIER = "";
			};
			name = Debug;
		};
		D694F0431CDB5B1B00B5E05B /* Release */ = {
			isa = XCBuildConfiguration;
			baseConfigurationReference = DE7AA9F6FF74FBBF4857C207 /* Pods-ChatToolView.release.xcconfig */;
			buildSettings = {
				ASSETCATALOG_COMPILER_APPICON_NAME = AppIcon;
				CODE_SIGN_IDENTITY = "iPhone Developer: Xie Fabo (PXQFQ546UD)";
				"CODE_SIGN_IDENTITY[sdk=iphoneos*]" = "iPhone Developer";
				DEVELOPMENT_TEAM = "";
				INFOPLIST_FILE = test/Info.plist;
				LD_RUNPATH_SEARCH_PATHS = "$(inherited) @executable_path/Frameworks";
				PRODUCT_BUNDLE_IDENTIFIER = cc.youplus.youplussssss;
				PRODUCT_NAME = "$(TARGET_NAME)";
				PROVISIONING_PROFILE = "";
				PROVISIONING_PROFILE_SPECIFIER = "";
			};
			name = Release;
		};
/* End XCBuildConfiguration section */

/* Begin XCConfigurationList section */
		D694F0251CDB5B1A00B5E05B /* Build configuration list for PBXProject "ChatToolView" */ = {
			isa = XCConfigurationList;
			buildConfigurations = (
				D694F03F1CDB5B1B00B5E05B /* Debug */,
				D694F0401CDB5B1B00B5E05B /* Release */,
			);
			defaultConfigurationIsVisible = 0;
			defaultConfigurationName = Release;
		};
		D694F0411CDB5B1B00B5E05B /* Build configuration list for PBXNativeTarget "ChatToolView" */ = {
			isa = XCConfigurationList;
			buildConfigurations = (
				D694F0421CDB5B1B00B5E05B /* Debug */,
				D694F0431CDB5B1B00B5E05B /* Release */,
			);
			defaultConfigurationIsVisible = 0;
			defaultConfigurationName = Release;
		};
/* End XCConfigurationList section */
	};
	rootObject = D694F0221CDB5B1A00B5E05B /* Project object */;
}
